
Microsoft Visual Studio Solution File, Format Version 12.00
# Visual Studio Version 16
VisualStudioVersion = 16.0.29519.181
MinimumVisualStudioVersion = 10.0.40219.1
Project("{FAE04EC0-301F-11D3-BF4B-00C04F79EFBC}") = "mpFormats", "mpFormats\mpFormats.csproj", "{260C2903-0481-4602-9674-4C55142278DF}"
EndProject
Project("{9A19103F-16F7-4668-BE54-9A1E7A4F7556}") = "_build", "build\_build.csproj", "{9519EB01-A4D8-431C-B6A4-B687C2A53AFC}"
EndProject
Global
	GlobalSection(SolutionConfigurationPlatforms) = preSolution
		A2013|x64 = A2013|x64
		A2014|x64 = A2014|x64
		A2015|x64 = A2015|x64
		A2016|x64 = A2016|x64
		A2017|x64 = A2017|x64
		A2018|x64 = A2018|x64
		A2019|x64 = A2019|x64
		A2020|x64 = A2020|x64
		A2021|x64 = A2021|x64
		Debug|x64 = Debug|x64
	EndGlobalSection
	GlobalSection(ProjectConfigurationPlatforms) = postSolution
		{260C2903-0481-4602-9674-4C55142278DF}.A2013|x64.ActiveCfg = A2013|x64
		{260C2903-0481-4602-9674-4C55142278DF}.A2013|x64.Build.0 = A2013|x64
		{260C2903-0481-4602-9674-4C55142278DF}.A2014|x64.ActiveCfg = A2014|x64
		{260C2903-0481-4602-9674-4C55142278DF}.A2014|x64.Build.0 = A2014|x64
		{260C2903-0481-4602-9674-4C55142278DF}.A2015|x64.ActiveCfg = A2015|x64
		{260C2903-0481-4602-9674-4C55142278DF}.A2015|x64.Build.0 = A2015|x64
		{260C2903-0481-4602-9674-4C55142278DF}.A2016|x64.ActiveCfg = A2016|x64
		{260C2903-0481-4602-9674-4C55142278DF}.A2016|x64.Build.0 = A2016|x64
		{260C2903-0481-4602-9674-4C55142278DF}.A2017|x64.ActiveCfg = A2017|x64
		{260C2903-0481-4602-9674-4C55142278DF}.A2017|x64.Build.0 = A2017|x64
		{260C2903-0481-4602-9674-4C55142278DF}.A2018|x64.ActiveCfg = A2018|x64
		{260C2903-0481-4602-9674-4C55142278DF}.A2018|x64.Build.0 = A2018|x64
		{260C2903-0481-4602-9674-4C55142278DF}.A2019|x64.ActiveCfg = A2019|x64
		{260C2903-0481-4602-9674-4C55142278DF}.A2019|x64.Build.0 = A2019|x64
		{260C2903-0481-4602-9674-4C55142278DF}.A2020|x64.ActiveCfg = A2020|x64
		{260C2903-0481-4602-9674-4C55142278DF}.A2020|x64.Build.0 = A2020|x64
		{260C2903-0481-4602-9674-4C55142278DF}.A2021|x64.ActiveCfg = A2021|x64
		{260C2903-0481-4602-9674-4C55142278DF}.A2021|x64.Build.0 = A2021|x64
		{260C2903-0481-4602-9674-4C55142278DF}.Debug|x64.ActiveCfg = Debug|x64
		{9519EB01-A4D8-431C-B6A4-B687C2A53AFC}.A2013|x64.ActiveCfg = Debug|Any CPU
		{9519EB01-A4D8-431C-B6A4-B687C2A53AFC}.A2013|x64.Build.0 = Debug|Any CPU
		{9519EB01-A4D8-431C-B6A4-B687C2A53AFC}.A2014|x64.ActiveCfg = Debug|Any CPU
		{9519EB01-A4D8-431C-B6A4-B687C2A53AFC}.A2014|x64.Build.0 = Debug|Any CPU
		{9519EB01-A4D8-431C-B6A4-B687C2A53AFC}.A2015|x64.ActiveCfg = Debug|Any CPU
		{9519EB01-A4D8-431C-B6A4-B687C2A53AFC}.A2015|x64.Build.0 = Debug|Any CPU
		{9519EB01-A4D8-431C-B6A4-B687C2A53AFC}.A2016|x64.ActiveCfg = Debug|Any CPU
		{9519EB01-A4D8-431C-B6A4-B687C2A53AFC}.A2016|x64.Build.0 = Debug|Any CPU
		{9519EB01-A4D8-431C-B6A4-B687C2A53AFC}.A2017|x64.ActiveCfg = Debug|Any CPU
		{9519EB01-A4D8-431C-B6A4-B687C2A53AFC}.A2017|x64.Build.0 = Debug|Any CPU
		{9519EB01-A4D8-431C-B6A4-B687C2A53AFC}.A2018|x64.ActiveCfg = Debug|Any CPU
		{9519EB01-A4D8-431C-B6A4-B687C2A53AFC}.A2018|x64.Build.0 = Debug|Any CPU
		{9519EB01-A4D8-431C-B6A4-B687C2A53AFC}.A2019|x64.ActiveCfg = Debug|Any CPU
		{9519EB01-A4D8-431C-B6A4-B687C2A53AFC}.A2019|x64.Build.0 = Debug|Any CPU
		{9519EB01-A4D8-431C-B6A4-B687C2A53AFC}.A2020|x64.ActiveCfg = Debug|Any CPU
		{9519EB01-A4D8-431C-B6A4-B687C2A53AFC}.A2020|x64.Build.0 = Debug|Any CPU
		{9519EB01-A4D8-431C-B6A4-B687C2A53AFC}.A2021|x64.ActiveCfg = Release|Any CPU
		{9519EB01-A4D8-431C-B6A4-B687C2A53AFC}.A2021|x64.Build.0 = Release|Any CPU
		{9519EB01-A4D8-431C-B6A4-B687C2A53AFC}.Debug|x64.ActiveCfg = Debug|Any CPU
		{9519EB01-A4D8-431C-B6A4-B687C2A53AFC}.Debug|x64.Build.0 = Debug|Any CPU
	EndGlobalSection
	GlobalSection(SolutionProperties) = preSolution
		HideSolutionNode = FALSE
	EndGlobalSection
	GlobalSection(ExtensibilityGlobals) = postSolution
		SolutionGuid = {EF0772D1-2124-4B83-873A-8C25F5B42521}
	EndGlobalSection
EndGlobal
