
Microsoft Visual Studio Solution File, Format Version 12.00
# Visual Studio 15
VisualStudioVersion = 15.0.27004.2002
MinimumVisualStudioVersion = 10.0.40219.1
Project("{FAE04EC0-301F-11D3-BF4B-00C04F79EFBC}") = "mpFormats_2010", "mpFormats_2010\mpFormats_2010.csproj", "{918FB645-AF8F-40AA-A8D4-3216FDDF817E}"
EndProject
Project("{FAE04EC0-301F-11D3-BF4B-00C04F79EFBC}") = "mpFormats_2011", "mpFormats_2011\mpFormats_2011.csproj", "{B3520EFE-FF10-4C6C-BEFA-2FCFF90D7A75}"
EndProject
Project("{FAE04EC0-301F-11D3-BF4B-00C04F79EFBC}") = "mpFormats_2012", "mpFormats_2012\mpFormats_2012.csproj", "{F120F1E7-CCEF-48B9-9745-4ABD4FA2EC2C}"
EndProject
Project("{FAE04EC0-301F-11D3-BF4B-00C04F79EFBC}") = "mpFormats_2013", "mpFormats_2013\mpFormats_2013.csproj", "{260C2903-0481-4602-9674-4C55142278DF}"
EndProject
Project("{FAE04EC0-301F-11D3-BF4B-00C04F79EFBC}") = "mpFormats_2014", "mpFormats_2014\mpFormats_2014.csproj", "{1916029D-BC30-4DD5-A400-B8D0C1175748}"
EndProject
Project("{FAE04EC0-301F-11D3-BF4B-00C04F79EFBC}") = "mpFormats_2015", "mpFormats_2015\mpFormats_2015.csproj", "{6BE4872A-D95B-451F-B290-20053A53A71D}"
EndProject
Project("{FAE04EC0-301F-11D3-BF4B-00C04F79EFBC}") = "mpFormats_2016", "mpFormats_2016\mpFormats_2016.csproj", "{19559626-3002-4030-8842-94917B2F675F}"
EndProject
Project("{FAE04EC0-301F-11D3-BF4B-00C04F79EFBC}") = "mpFormats_2017", "mpFormats_2017\mpFormats_2017.csproj", "{8E1552A1-CC85-4B77-BAEC-C9DCE01E4AA1}"
EndProject
Project("{FAE04EC0-301F-11D3-BF4B-00C04F79EFBC}") = "mpFormats_2018", "mpFormats_2018\mpFormats_2018.csproj", "{D9D8941A-F937-4143-8157-D9CB713DC83E}"
EndProject
Project("{FAE04EC0-301F-11D3-BF4B-00C04F79EFBC}") = "mpFormats_2019", "mpFormats_2019\mpFormats_2019.csproj", "{B6476510-6443-46E3-950E-F6580E49D586}"
EndProject
Global
	GlobalSection(SolutionConfigurationPlatforms) = preSolution
		Debug|Any CPU = Debug|Any CPU
		Release|Any CPU = Release|Any CPU
	EndGlobalSection
	GlobalSection(ProjectConfigurationPlatforms) = postSolution
		{918FB645-AF8F-40AA-A8D4-3216FDDF817E}.Debug|Any CPU.ActiveCfg = Debug|Any CPU
		{918FB645-AF8F-40AA-A8D4-3216FDDF817E}.Debug|Any CPU.Build.0 = Debug|Any CPU
		{918FB645-AF8F-40AA-A8D4-3216FDDF817E}.Release|Any CPU.ActiveCfg = Release|Any CPU
		{918FB645-AF8F-40AA-A8D4-3216FDDF817E}.Release|Any CPU.Build.0 = Release|Any CPU
		{B3520EFE-FF10-4C6C-BEFA-2FCFF90D7A75}.Debug|Any CPU.ActiveCfg = Debug|Any CPU
		{B3520EFE-FF10-4C6C-BEFA-2FCFF90D7A75}.Debug|Any CPU.Build.0 = Debug|Any CPU
		{B3520EFE-FF10-4C6C-BEFA-2FCFF90D7A75}.Release|Any CPU.ActiveCfg = Release|Any CPU
		{B3520EFE-FF10-4C6C-BEFA-2FCFF90D7A75}.Release|Any CPU.Build.0 = Release|Any CPU
		{F120F1E7-CCEF-48B9-9745-4ABD4FA2EC2C}.Debug|Any CPU.ActiveCfg = Debug|Any CPU
		{F120F1E7-CCEF-48B9-9745-4ABD4FA2EC2C}.Debug|Any CPU.Build.0 = Debug|Any CPU
		{F120F1E7-CCEF-48B9-9745-4ABD4FA2EC2C}.Release|Any CPU.ActiveCfg = Release|Any CPU
		{F120F1E7-CCEF-48B9-9745-4ABD4FA2EC2C}.Release|Any CPU.Build.0 = Release|Any CPU
		{260C2903-0481-4602-9674-4C55142278DF}.Debug|Any CPU.ActiveCfg = Debug|Any CPU
		{260C2903-0481-4602-9674-4C55142278DF}.Debug|Any CPU.Build.0 = Debug|Any CPU
		{260C2903-0481-4602-9674-4C55142278DF}.Release|Any CPU.ActiveCfg = Release|Any CPU
		{260C2903-0481-4602-9674-4C55142278DF}.Release|Any CPU.Build.0 = Release|Any CPU
		{1916029D-BC30-4DD5-A400-B8D0C1175748}.Debug|Any CPU.ActiveCfg = Debug|Any CPU
		{1916029D-BC30-4DD5-A400-B8D0C1175748}.Debug|Any CPU.Build.0 = Debug|Any CPU
		{1916029D-BC30-4DD5-A400-B8D0C1175748}.Release|Any CPU.ActiveCfg = Release|Any CPU
		{1916029D-BC30-4DD5-A400-B8D0C1175748}.Release|Any CPU.Build.0 = Release|Any CPU
		{6BE4872A-D95B-451F-B290-20053A53A71D}.Debug|Any CPU.ActiveCfg = Debug|Any CPU
		{6BE4872A-D95B-451F-B290-20053A53A71D}.Debug|Any CPU.Build.0 = Debug|Any CPU
		{6BE4872A-D95B-451F-B290-20053A53A71D}.Release|Any CPU.ActiveCfg = Release|Any CPU
		{6BE4872A-D95B-451F-B290-20053A53A71D}.Release|Any CPU.Build.0 = Release|Any CPU
		{19559626-3002-4030-8842-94917B2F675F}.Debug|Any CPU.ActiveCfg = Debug|Any CPU
		{19559626-3002-4030-8842-94917B2F675F}.Debug|Any CPU.Build.0 = Debug|Any CPU
		{19559626-3002-4030-8842-94917B2F675F}.Release|Any CPU.ActiveCfg = Release|Any CPU
		{19559626-3002-4030-8842-94917B2F675F}.Release|Any CPU.Build.0 = Release|Any CPU
		{8E1552A1-CC85-4B77-BAEC-C9DCE01E4AA1}.Debug|Any CPU.ActiveCfg = Debug|Any CPU
		{8E1552A1-CC85-4B77-BAEC-C9DCE01E4AA1}.Debug|Any CPU.Build.0 = Debug|Any CPU
		{8E1552A1-CC85-4B77-BAEC-C9DCE01E4AA1}.Release|Any CPU.ActiveCfg = Release|Any CPU
		{8E1552A1-CC85-4B77-BAEC-C9DCE01E4AA1}.Release|Any CPU.Build.0 = Release|Any CPU
		{D9D8941A-F937-4143-8157-D9CB713DC83E}.Debug|Any CPU.ActiveCfg = Debug|Any CPU
		{D9D8941A-F937-4143-8157-D9CB713DC83E}.Debug|Any CPU.Build.0 = Debug|Any CPU
		{D9D8941A-F937-4143-8157-D9CB713DC83E}.Release|Any CPU.ActiveCfg = Release|Any CPU
		{D9D8941A-F937-4143-8157-D9CB713DC83E}.Release|Any CPU.Build.0 = Release|Any CPU
		{B6476510-6443-46E3-950E-F6580E49D586}.Debug|Any CPU.ActiveCfg = Debug|Any CPU
		{B6476510-6443-46E3-950E-F6580E49D586}.Debug|Any CPU.Build.0 = Debug|Any CPU
		{B6476510-6443-46E3-950E-F6580E49D586}.Release|Any CPU.ActiveCfg = Release|Any CPU
		{B6476510-6443-46E3-950E-F6580E49D586}.Release|Any CPU.Build.0 = Release|Any CPU
	EndGlobalSection
	GlobalSection(SolutionProperties) = preSolution
		HideSolutionNode = FALSE
	EndGlobalSection
	GlobalSection(ExtensibilityGlobals) = postSolution
		SolutionGuid = {EF0772D1-2124-4B83-873A-8C25F5B42521}
	EndGlobalSection
EndGlobal
